
Microsoft Visual Studio Solution File, Format Version 12.00
# Visual Studio Version 17
VisualStudioVersion = 17.2.32519.379
MinimumVisualStudioVersion = 10.0.40219.1
Project("{9A19103F-16F7-4668-BE54-9A1E7A4F7556}") = "BlazorWasmHosted-Okta.Client", "Client\BlazorWasmHosted-Okta.Client.csproj", "{26C72061-C69C-4157-A4FA-30938030A7AA}"
EndProject
Project("{9A19103F-16F7-4668-BE54-9A1E7A4F7556}") = "BlazorWasmHosted-Okta.Server", "Server\BlazorWasmHosted-Okta.Server.csproj", "{70D1D862-7438-482A-9F79-785CD3CD644C}"
EndProject
Project("{9A19103F-16F7-4668-BE54-9A1E7A4F7556}") = "BlazorWasmHosted-Okta.Shared", "Shared\BlazorWasmHosted-Okta.Shared.csproj", "{42CC4A9D-20C2-4348-85E5-5B8639A34846}"
EndProject
Global
	GlobalSection(SolutionConfigurationPlatforms) = preSolution
		Debug|Any CPU = Debug|Any CPU
		Release|Any CPU = Release|Any CPU
	EndGlobalSection
	GlobalSection(ProjectConfigurationPlatforms) = postSolution
		{26C72061-C69C-4157-A4FA-30938030A7AA}.Debug|Any CPU.ActiveCfg = Debug|Any CPU
		{26C72061-C69C-4157-A4FA-30938030A7AA}.Debug|Any CPU.Build.0 = Debug|Any CPU
		{26C72061-C69C-4157-A4FA-30938030A7AA}.Release|Any CPU.ActiveCfg = Release|Any CPU
		{26C72061-C69C-4157-A4FA-30938030A7AA}.Release|Any CPU.Build.0 = Release|Any CPU
		{70D1D862-7438-482A-9F79-785CD3CD644C}.Debug|Any CPU.ActiveCfg = Debug|Any CPU
		{70D1D862-7438-482A-9F79-785CD3CD644C}.Debug|Any CPU.Build.0 = Debug|Any CPU
		{70D1D862-7438-482A-9F79-785CD3CD644C}.Release|Any CPU.ActiveCfg = Release|Any CPU
		{70D1D862-7438-482A-9F79-785CD3CD644C}.Release|Any CPU.Build.0 = Release|Any CPU
		{42CC4A9D-20C2-4348-85E5-5B8639A34846}.Debug|Any CPU.ActiveCfg = Debug|Any CPU
		{42CC4A9D-20C2-4348-85E5-5B8639A34846}.Debug|Any CPU.Build.0 = Debug|Any CPU
		{42CC4A9D-20C2-4348-85E5-5B8639A34846}.Release|Any CPU.ActiveCfg = Release|Any CPU
		{42CC4A9D-20C2-4348-85E5-5B8639A34846}.Release|Any CPU.Build.0 = Release|Any CPU
	EndGlobalSection
	GlobalSection(SolutionProperties) = preSolution
		HideSolutionNode = FALSE
	EndGlobalSection
	GlobalSection(ExtensibilityGlobals) = postSolution
		SolutionGuid = {542AF444-78B5-4DD0-A4C6-CB2919F2E125}
	EndGlobalSection
EndGlobal
